{
  "name": "node-abi-test",
  "version": "1.0.0",
  "lockfileVersion": 3,
  "requires": true,
  "packages": {
    "": {
      "name": "node-abi-test",
      "version": "1.0.0",
      "license": "ISC",
      "dependencies": {
        "node-abi": "^3.68.0"
      }
    },
    "node_modules/node-abi": {
      "version": "3.68.0",
      "resolved": "https://registry.npmmirror.com/node-abi/-/node-abi-3.68.0.tgz",
      "integrity": "sha512-7vbj10trelExNjFSBm5kTvZXXa7pZyKWx9RCKIyqe6I9Ev3IzGpQoqBP3a+cOdxY+pWj6VkP28n/2wWysBHD/A==",
      "dependencies": {
        "semver": "^7.3.5"
      },
      "engines": {
        "node": ">=10"
      }
    },
    "node_modules/semver": {
      "version": "7.6.3",
      "resolved": "https://registry.npmmirror.com/semver/-/semver-7.6.3.tgz",
      "integrity": "sha512-oVekP1cKtI+CTDvHWYFUcMtsK/00wmAEfyqKfNdARm8u1wNVhSgaX7A8d4UuIlUI5e84iEwOhs7ZPYRmzU9U6A==",
      "bin": {
        "semver": "bin/semver.js"
      },
      "engines": {
        "node": ">=10"
      }
    }
  }
}
