{
  "requires": true,
  "lockfileVersion": 1,
  "dependencies": {
    "@babel/helper-module-imports": {
      "version": "7.10.4",
      "resolved": "https://registry.npm.taobao.org/@babel/helper-module-imports/download/@babel/helper-module-imports-7.10.4.tgz",
      "integrity": "sha1-TFxUvgS9MWcKc4J5fXW5+i5bViA=",
      "requires": {
        "@babel/types": "^7.10.4"
      }
    },
    "@babel/helper-plugin-utils": {
      "version": "7.10.4",
      "resolved": "https://registry.npm.taobao.org/@babel/helper-plugin-utils/download/@babel/helper-plugin-utils-7.10.4.tgz?cache=0&sync_timestamp=1593521148758&other_urls=https%3A%2F%2Fregistry.npm.taobao.org%2F%40babel%2Fhelper-plugin-utils%2Fdownload%2F%40babel%2Fhelper-plugin-utils-7.10.4.tgz",
      "integrity": "sha1-L3WoMSadT2d95JmG3/WZJ1M883U="
    },
    "@babel/helper-validator-identifier": {
      "version": "7.10.4",
      "resolved": "https://registry.npm.taobao.org/@babel/helper-validator-identifier/download/@babel/helper-validator-identifier-7.10.4.tgz?cache=0&sync_timestamp=1593522720715&other_urls=https%3A%2F%2Fregistry.npm.taobao.org%2F%40babel%2Fhelper-validator-identifier%2Fdownload%2F%40babel%2Fhelper-validator-identifier-7.10.4.tgz",
      "integrity": "sha1-p4x6clHgH2FlEtMbEK3PUq2l4NI="
    },
    "@babel/plugin-syntax-jsx": {
      "version": "7.10.4",
      "resolved": "https://registry.npm.taobao.org/@babel/plugin-syntax-jsx/download/@babel/plugin-syntax-jsx-7.10.4.tgz",
      "integrity": "sha1-Oauq48v3EMQ3PYQpSE5rohNAFmw=",
      "requires": {
        "@babel/helper-plugin-utils": "^7.10.4"
      }
    },
    "@babel/types": {
      "version": "7.11.0",
      "resolved": "https://registry.npm.taobao.org/@babel/types/download/@babel/types-7.11.0.tgz?cache=0&sync_timestamp=1596142926693&other_urls=https%3A%2F%2Fregistry.npm.taobao.org%2F%40babel%2Ftypes%2Fdownload%2F%40babel%2Ftypes-7.11.0.tgz",
      "integrity": "sha1-Kua/G6mujDxDgk5YYSaYcbIG6Q0=",
      "requires": {
        "@babel/helper-validator-identifier": "^7.10.4",
        "lodash": "^4.17.19",
        "to-fast-properties": "^2.0.0"
      }
    },
    "@vue/babel-helper-vue-jsx-merge-props": {
      "version": "1.0.0",
      "resolved": "https://registry.npm.taobao.org/@vue/babel-helper-vue-jsx-merge-props/download/@vue/babel-helper-vue-jsx-merge-props-1.0.0.tgz",
      "integrity": "sha1-BI/leZWNpAj7eosqPsBQtQpmEEA="
    },
    "@vue/babel-plugin-transform-vue-jsx": {
      "version": "1.1.2",
      "resolved": "https://registry.npm.taobao.org/@vue/babel-plugin-transform-vue-jsx/download/@vue/babel-plugin-transform-vue-jsx-1.1.2.tgz",
      "integrity": "sha1-wKPm78Ai515CR7RIqPxrhvA+kcA=",
      "requires": {
        "@babel/helper-module-imports": "^7.0.0",
        "@babel/plugin-syntax-jsx": "^7.2.0",
        "@vue/babel-helper-vue-jsx-merge-props": "^1.0.0",
        "html-tags": "^2.0.0",
        "lodash.kebabcase": "^4.1.1",
        "svg-tags": "^1.0.0"
      }
    },
    "@vue/babel-preset-jsx": {
      "version": "1.1.2",
      "resolved": "https://registry.npm.taobao.org/@vue/babel-preset-jsx/download/@vue/babel-preset-jsx-1.1.2.tgz",
      "integrity": "sha1-LhaetMIE6jfKZsLqhaiAv8mdTyA=",
      "requires": {
        "@vue/babel-helper-vue-jsx-merge-props": "^1.0.0",
        "@vue/babel-plugin-transform-vue-jsx": "^1.1.2",
        "@vue/babel-sugar-functional-vue": "^1.1.2",
        "@vue/babel-sugar-inject-h": "^1.1.2",
        "@vue/babel-sugar-v-model": "^1.1.2",
        "@vue/babel-sugar-v-on": "^1.1.2"
      }
    },
    "@vue/babel-sugar-functional-vue": {
      "version": "1.1.2",
      "resolved": "https://registry.npm.taobao.org/@vue/babel-sugar-functional-vue/download/@vue/babel-sugar-functional-vue-1.1.2.tgz",
      "integrity": "sha1-9+JPugnm8e5wEEVgqICAV1VfGpo=",
      "requires": {
        "@babel/plugin-syntax-jsx": "^7.2.0"
      }
    },
    "@vue/babel-sugar-inject-h": {
      "version": "1.1.2",
      "resolved": "https://registry.npm.taobao.org/@vue/babel-sugar-inject-h/download/@vue/babel-sugar-inject-h-1.1.2.tgz",
      "integrity": "sha1-ilJ2ttji7Rb/yAeKrZQjYnTm7fA=",
      "requires": {
        "@babel/plugin-syntax-jsx": "^7.2.0"
      }
    },
    "@vue/babel-sugar-v-model": {
      "version": "1.1.2",
      "resolved": "https://registry.npm.taobao.org/@vue/babel-sugar-v-model/download/@vue/babel-sugar-v-model-1.1.2.tgz",
      "integrity": "sha1-H/b9G4ACI/ycsehNzrXlLXN6gZI=",
      "requires": {
        "@babel/plugin-syntax-jsx": "^7.2.0",
        "@vue/babel-helper-vue-jsx-merge-props": "^1.0.0",
        "@vue/babel-plugin-transform-vue-jsx": "^1.1.2",
        "camelcase": "^5.0.0",
        "html-tags": "^2.0.0",
        "svg-tags": "^1.0.0"
      }
    },
    "@vue/babel-sugar-v-on": {
      "version": "1.1.2",
      "resolved": "https://registry.npm.taobao.org/@vue/babel-sugar-v-on/download/@vue/babel-sugar-v-on-1.1.2.tgz",
      "integrity": "sha1-su+ZuPL6sJ++rSWq1w70Lhz1sTs=",
      "requires": {
        "@babel/plugin-syntax-jsx": "^7.2.0",
        "@vue/babel-plugin-transform-vue-jsx": "^1.1.2",
        "camelcase": "^5.0.0"
      }
    },
    "camelcase": {
      "version": "5.3.1",
      "resolved": "https://registry.npm.taobao.org/camelcase/download/camelcase-5.3.1.tgz",
      "integrity": "sha1-48mzFWnhBoEd8kL3FXJaH0xJQyA="
    },
    "html-tags": {
      "version": "2.0.0",
      "resolved": "https://registry.npm.taobao.org/html-tags/download/html-tags-2.0.0.tgz",
      "integrity": "sha1-ELMKOGCF9Dzt41PMj6fLDe7qZos="
    },
    "lodash": {
      "version": "4.17.19",
      "resolved": "https://registry.npm.taobao.org/lodash/download/lodash-4.17.19.tgz?cache=0&sync_timestamp=1594336698346&other_urls=https%3A%2F%2Fregistry.npm.taobao.org%2Flodash%2Fdownload%2Flodash-4.17.19.tgz",
      "integrity": "sha1-5I3e2+MLMyF4PFtDAfvTU7weSks="
    },
    "lodash.kebabcase": {
      "version": "4.1.1",
      "resolved": "https://registry.npm.taobao.org/lodash.kebabcase/download/lodash.kebabcase-4.1.1.tgz",
      "integrity": "sha1-hImxyw0p/4gZXM7KRI/21swpXDY="
    },
    "svg-tags": {
      "version": "1.0.0",
      "resolved": "https://registry.npm.taobao.org/svg-tags/download/svg-tags-1.0.0.tgz",
      "integrity": "sha1-WPcc7jvVGbWdSyqEO2x95krAR2Q="
    },
    "to-fast-properties": {
      "version": "2.0.0",
      "resolved": "https://registry.npm.taobao.org/to-fast-properties/download/to-fast-properties-2.0.0.tgz",
      "integrity": "sha1-3F5pjL0HkmW8c+A3doGk5Og/YW4="
    },
    "vuex": {
      "version": "3.4.0",
      "resolved": "https://registry.npm.taobao.org/vuex/download/vuex-3.4.0.tgz",
      "integrity": "sha1-IMwIYGLXUHafzh/rs05/zurr3kU="
    }
  }
}
