{
  "name": "browserfs_demo",
  "version": "1.0.0",
  "lockfileVersion": 1,
  "requires": true,
  "dependencies": {
    "async": {
      "version": "2.6.4",
      "resolved": "https://registry.npmjs.org/async/-/async-2.6.4.tgz",
      "integrity": "sha512-mzo5dfJYwAn29PeiJ0zvwTo04zj8HDJj0Mn8TD7sno7q12prdbnasKJHhkm2c1LgrhlJ0teaea8860oxi51mGA==",
      "requires": {
        "lodash": "^4.17.14"
      }
    },
    "browserfs": {
      "version": "1.4.3",
      "resolved": "http://registry.npm.taobao.org/browserfs/download/browserfs-1.4.3.tgz",
      "integrity": "sha1-kv/GBjlnYS2szbhWbT/AP1ISBfs=",
      "requires": {
        "async": "^2.1.4",
        "pako": "^1.0.4"
      }
    },
    "lodash": {
      "version": "4.17.15",
      "resolved": "https://registry.npmjs.org/lodash/-/lodash-4.17.15.tgz",
      "integrity": "sha512-8xOcRHvCjnocdS5cpwXQXVzmmh5e5+saE2QGoeQmbKmRS6J3VQppPOIt0MnmE+4xlZoumy0GPG0D0MVIQbNA1A=="
    },
    "pako": {
      "version": "1.0.10",
      "resolved": "http://registry.npm.taobao.org/pako/download/pako-1.0.10.tgz",
      "integrity": "sha1-Qyi621CGpCaqkPVBl31JVdpclzI="
    }
  }
}
