{
  "name": "browserfs_demo",
  "version": "1.0.0",
  "lockfileVersion": 1,
  "requires": true,
  "dependencies": {
    "async": {
      "version": "2.6.2",
      "resolved": "http://registry.npm.taobao.org/async/download/async-2.6.2.tgz",
      "integrity": "sha1-GDMOp+bjE4h/XS8qkEusb+TdU4E=",
      "requires": {
        "lodash": "^4.17.11"
      }
    },
    "browserfs": {
      "version": "1.4.3",
      "resolved": "http://registry.npm.taobao.org/browserfs/download/browserfs-1.4.3.tgz",
      "integrity": "sha1-kv/GBjlnYS2szbhWbT/AP1ISBfs=",
      "requires": {
        "async": "^2.1.4",
        "pako": "^1.0.4"
      }
    },
    "lodash": {
      "version": "4.17.19",
      "resolved": "https://registry.npmjs.org/lodash/-/lodash-4.17.19.tgz",
      "integrity": "sha512-JNvd8XER9GQX0v2qJgsaN/mzFCNA5BRe/j8JN9d+tWyGLSodKQHKFicdwNYzWwI3wjRnaKPsGj1XkBjx/F96DQ=="
    },
    "pako": {
      "version": "1.0.10",
      "resolved": "http://registry.npm.taobao.org/pako/download/pako-1.0.10.tgz",
      "integrity": "sha1-Qyi621CGpCaqkPVBl31JVdpclzI="
    }
  }
}
