{
  "name": "random-nickname",
  "version": "1.0.0",
  "lockfileVersion": 3,
  "requires": true,
  "packages": {
    "": {
      "name": "random-nickname",
      "version": "1.0.0",
      "license": "ISC",
      "dependencies": {
        "@faker-js/faker": "^8.4.1",
        "chinese-random-name": "^2.0.1",
        "namey": "^1.0.0"
      }
    },
    "node_modules/@crand/mt19937": {
      "version": "3.1.1",
      "resolved": "https://registry.npmmirror.com/@crand/mt19937/-/mt19937-3.1.1.tgz",
      "integrity": "sha512-WqBOxMN7ckc+nFJT6Bt0B5NjOm/IWoNlpy05enZQF/bmlv41gUdn4kwUmbIgqS8lwEn9kmgM2us2tfB9J7rIAg==",
      "hasInstallScript": true
    },
    "node_modules/@faker-js/faker": {
      "version": "8.4.1",
      "resolved": "https://registry.npmmirror.com/@faker-js/faker/-/faker-8.4.1.tgz",
      "integrity": "sha512-XQ3cU+Q8Uqmrbf2e0cIC/QN43sTBSC8KF12u29Mb47tWrt2hAgBXSgpZMj4Ao8Uk0iJcU99QsOCaIL8934obCg==",
      "funding": [
        {
          "type": "opencollective",
          "url": "https://opencollective.com/fakerjs"
        }
      ],
      "engines": {
        "node": "^14.17.0 || ^16.13.0 || >=18.0.0",
        "npm": ">=6.14.13"
      }
    },
    "node_modules/chinese-random-name": {
      "version": "2.0.1",
      "resolved": "https://registry.npmmirror.com/chinese-random-name/-/chinese-random-name-2.0.1.tgz",
      "integrity": "sha512-zBpH9Je+Eg8jlXdH6WbQyM+M1S7jnrmg4GY0HkNhl9/u87InJST+YY+4tLqbSLBUuJOs1TqC9j+EQh1PTnMBxA==",
      "hasInstallScript": true,
      "dependencies": {
        "@crand/mt19937": "^3.1.1",
        "flatten": "^1.0.3"
      }
    },
    "node_modules/flatten": {
      "version": "1.0.3",
      "resolved": "https://registry.npmmirror.com/flatten/-/flatten-1.0.3.tgz",
      "integrity": "sha512-dVsPA/UwQ8+2uoFe5GHtiBMu48dWLTdsuEd7CKGlZlD78r1TTWBvDuFaFGKCo/ZfEr95Uk56vZoX86OsHkUeIg==",
      "deprecated": "flatten is deprecated in favor of utility frameworks such as lodash."
    },
    "node_modules/namey": {
      "version": "1.0.0",
      "resolved": "https://registry.npmmirror.com/namey/-/namey-1.0.0.tgz",
      "integrity": "sha512-zWlsoGA/7fE5fhfsmLyDbo7rEyrEMzT7niyu7xI+mNIyKH+oWZna+M3T0n56P3IoNZCe2x0AeJGnieTlY0RO0A=="
    }
  }
}
