{
  "name": "svg-path-parser",
  "version": "1.0.0",
  "lockfileVersion": 3,
  "requires": true,
  "packages": {
    "": {
      "name": "svg-path-parser",
      "version": "1.0.0",
      "license": "ISC",
      "dependencies": {
        "svg-path-parser": "^1.1.0"
      }
    },
    "node_modules/svg-path-parser": {
      "version": "1.1.0",
      "resolved": "https://registry.npmmirror.com/svg-path-parser/-/svg-path-parser-1.1.0.tgz",
      "integrity": "sha512-jGCUqcQyXpfe38R7RFfhrMyfXcBmpMNJI/B+4CE9/Unkh98UporAc461GTthv+TVDuZXsBx7/WiwJb1Oh4tt4A==",
      "license": "MIT"
    }
  }
}
