{
  "name": "markdown_parser",
  "version": "1.0.0",
  "lockfileVersion": 1,
  "requires": true,
  "dependencies": {
    "@types/mdast": {
      "version": "3.0.10",
      "resolved": "https://registry.npmjs.org/@types/mdast/-/mdast-3.0.10.tgz",
      "integrity": "sha512-W864tg/Osz1+9f4lrGTZpCSO5/z4608eUp19tbozkq2HJK6i3z1kT0H9tlADXuYIb1YYOBByU4Jsqkk75q48qA==",
      "requires": {
        "@types/unist": "*"
      }
    },
    "@types/node": {
      "version": "11.13.0",
      "resolved": "http://registry.npm.taobao.org/@types/node/download/@types/node-11.13.0.tgz?cache=0&other_urls=http%3A%2F%2Fregistry.npm.taobao.org%2F%40types%2Fnode%2Fdownload%2F%40types%2Fnode-11.13.0.tgz",
      "integrity": "sha1-sN+Nbvm1ABsr46lNkJzjwpqA+eE="
    },
    "@types/unist": {
      "version": "2.0.3",
      "resolved": "http://registry.npm.taobao.org/@types/unist/download/@types/unist-2.0.3.tgz",
      "integrity": "sha1-nAiGeYdvN061mD8VDUeHqm+zLX4="
    },
    "@types/vfile": {
      "version": "3.0.2",
      "resolved": "http://registry.npm.taobao.org/@types/vfile/download/@types/vfile-3.0.2.tgz",
      "integrity": "sha1-GcGM0jLfEc5vpq2AJZvIbDZrCbk=",
      "requires": {
        "@types/node": "*",
        "@types/unist": "*",
        "@types/vfile-message": "*"
      }
    },
    "@types/vfile-message": {
      "version": "1.0.1",
      "resolved": "http://registry.npm.taobao.org/@types/vfile-message/download/@types/vfile-message-1.0.1.tgz",
      "integrity": "sha1-4emJXMazbEYtQkTmTm0Lbq9lNVo=",
      "requires": {
        "@types/node": "*",
        "@types/unist": "*"
      }
    },
    "bail": {
      "version": "1.0.3",
      "resolved": "http://registry.npm.taobao.org/bail/download/bail-1.0.3.tgz",
      "integrity": "sha1-Y8+53brIKbAqMSjNUyJL545sIaM="
    },
    "ccount": {
      "version": "1.0.3",
      "resolved": "http://registry.npm.taobao.org/ccount/download/ccount-1.0.3.tgz",
      "integrity": "sha1-8c7EPzMuLqWlaf1G+fW95OYQKv8="
    },
    "character-entities": {
      "version": "1.2.2",
      "resolved": "http://registry.npm.taobao.org/character-entities/download/character-entities-1.2.2.tgz",
      "integrity": "sha1-WMjzccB3TvC6myrKXwDY8QDm42M="
    },
    "character-entities-html4": {
      "version": "1.1.2",
      "resolved": "http://registry.npm.taobao.org/character-entities-html4/download/character-entities-html4-1.1.2.tgz",
      "integrity": "sha1-xE/d485mtS6NMh1sG/RhAfAVBhA="
    },
    "character-entities-legacy": {
      "version": "1.1.2",
      "resolved": "http://registry.npm.taobao.org/character-entities-legacy/download/character-entities-legacy-1.1.2.tgz",
      "integrity": "sha1-fG3vuBZISYIiyYVTCZU9BfTWOpw="
    },
    "character-reference-invalid": {
      "version": "1.1.2",
      "resolved": "http://registry.npm.taobao.org/character-reference-invalid/download/character-reference-invalid-1.1.2.tgz",
      "integrity": "sha1-IeQhrT2EBVlS2rSkOgTnPNQl0+0="
    },
    "collapse-white-space": {
      "version": "1.0.4",
      "resolved": "http://registry.npm.taobao.org/collapse-white-space/download/collapse-white-space-1.0.4.tgz",
      "integrity": "sha1-zgXPSeVMMneuVzA2omhRukMKAJE="
    },
    "comma-separated-tokens": {
      "version": "1.0.8",
      "resolved": "https://registry.npmjs.org/comma-separated-tokens/-/comma-separated-tokens-1.0.8.tgz",
      "integrity": "sha512-GHuDRO12Sypu2cV70d1dkA2EUmXHgntrzbpvOB+Qy+49ypNfGgFQIC2fhhXbnyrJRynDCAARsT7Ou0M6hirpfw=="
    },
    "extend": {
      "version": "3.0.2",
      "resolved": "http://registry.npm.taobao.org/extend/download/extend-3.0.2.tgz",
      "integrity": "sha1-+LETa0Bx+9jrFAr/hYsQGewpFfo="
    },
    "hast-util-is-element": {
      "version": "1.1.0",
      "resolved": "https://registry.npmjs.org/hast-util-is-element/-/hast-util-is-element-1.1.0.tgz",
      "integrity": "sha512-oUmNua0bFbdrD/ELDSSEadRVtWZOf3iF6Lbv81naqsIV99RnSCieTbWuWCY8BAeEfKJTKl0gRdokv+dELutHGQ=="
    },
    "hast-util-sanitize": {
      "version": "3.0.2",
      "resolved": "https://registry.npmjs.org/hast-util-sanitize/-/hast-util-sanitize-3.0.2.tgz",
      "integrity": "sha512-+2I0x2ZCAyiZOO/sb4yNLFmdwPBnyJ4PBkVTUMKMqBwYNA+lXSgOmoRXlJFazoyid9QPogRRKgKhVEodv181sA==",
      "requires": {
        "xtend": "^4.0.0"
      }
    },
    "hast-util-to-html": {
      "version": "7.1.3",
      "resolved": "https://registry.npmjs.org/hast-util-to-html/-/hast-util-to-html-7.1.3.tgz",
      "integrity": "sha512-yk2+1p3EJTEE9ZEUkgHsUSVhIpCsL/bvT8E5GzmWc+N1Po5gBw+0F8bo7dpxXR0nu0bQVxVZGX2lBGF21CmeDw==",
      "requires": {
        "ccount": "^1.0.0",
        "comma-separated-tokens": "^1.0.0",
        "hast-util-is-element": "^1.0.0",
        "hast-util-whitespace": "^1.0.0",
        "html-void-elements": "^1.0.0",
        "property-information": "^5.0.0",
        "space-separated-tokens": "^1.0.0",
        "stringify-entities": "^3.0.1",
        "unist-util-is": "^4.0.0",
        "xtend": "^4.0.0"
      },
      "dependencies": {
        "stringify-entities": {
          "version": "3.1.0",
          "resolved": "https://registry.npmjs.org/stringify-entities/-/stringify-entities-3.1.0.tgz",
          "integrity": "sha512-3FP+jGMmMV/ffZs86MoghGqAoqXAdxLrJP4GUdrDN1aIScYih5tuIO3eF4To5AJZ79KDZ8Fpdy7QJnK8SsL1Vg==",
          "requires": {
            "character-entities-html4": "^1.0.0",
            "character-entities-legacy": "^1.0.0",
            "xtend": "^4.0.0"
          }
        },
        "unist-util-is": {
          "version": "4.1.0",
          "resolved": "https://registry.npmjs.org/unist-util-is/-/unist-util-is-4.1.0.tgz",
          "integrity": "sha512-ZOQSsnce92GrxSqlnEEseX0gi7GH9zTJZ0p9dtu87WRb/37mMPO2Ilx1s/t9vBHrFhbgweUwb+t7cIn5dxPhZg=="
        }
      }
    },
    "hast-util-whitespace": {
      "version": "1.0.4",
      "resolved": "https://registry.npmjs.org/hast-util-whitespace/-/hast-util-whitespace-1.0.4.tgz",
      "integrity": "sha512-I5GTdSfhYfAPNztx2xJRQpG8cuDSNt599/7YUn7Gx/WxNMsG+a835k97TDkFgk123cwjfwINaZknkKkphx/f2A=="
    },
    "html-void-elements": {
      "version": "1.0.5",
      "resolved": "https://registry.npmjs.org/html-void-elements/-/html-void-elements-1.0.5.tgz",
      "integrity": "sha512-uE/TxKuyNIcx44cIWnjr/rfIATDH7ZaOMmstu0CwhFG1Dunhlp4OC6/NMbhiwoq5BpW0ubi303qnEk/PZj614w=="
    },
    "inherits": {
      "version": "2.0.3",
      "resolved": "http://registry.npm.taobao.org/inherits/download/inherits-2.0.3.tgz",
      "integrity": "sha1-Yzwsg+PaQqUC9SRmAiSA9CCCYd4="
    },
    "is-alphabetical": {
      "version": "1.0.2",
      "resolved": "http://registry.npm.taobao.org/is-alphabetical/download/is-alphabetical-1.0.2.tgz",
      "integrity": "sha1-H6bkkhPLeIW3XRWGL7Pz2WyIT0E="
    },
    "is-alphanumeric": {
      "version": "1.0.0",
      "resolved": "http://registry.npm.taobao.org/is-alphanumeric/download/is-alphanumeric-1.0.0.tgz",
      "integrity": "sha1-Spzvcdr0wAHB2B1j0UDPU/1oifQ="
    },
    "is-alphanumerical": {
      "version": "1.0.2",
      "resolved": "http://registry.npm.taobao.org/is-alphanumerical/download/is-alphanumerical-1.0.2.tgz",
      "integrity": "sha1-ETjprlBAFY3G/3a4IKzWt6GB/UA=",
      "requires": {
        "is-alphabetical": "^1.0.0",
        "is-decimal": "^1.0.0"
      }
    },
    "is-buffer": {
      "version": "2.0.3",
      "resolved": "http://registry.npm.taobao.org/is-buffer/download/is-buffer-2.0.3.tgz",
      "integrity": "sha1-Ts8/z3ScvR5HJonhCaxmJhol5yU="
    },
    "is-decimal": {
      "version": "1.0.2",
      "resolved": "http://registry.npm.taobao.org/is-decimal/download/is-decimal-1.0.2.tgz",
      "integrity": "sha1-iUZi1qhwnTB/OidspDOcj6Xf8P8="
    },
    "is-hexadecimal": {
      "version": "1.0.2",
      "resolved": "http://registry.npm.taobao.org/is-hexadecimal/download/is-hexadecimal-1.0.2.tgz",
      "integrity": "sha1-tucQ19B7tmuYy4zs5cm0kh3uuDU="
    },
    "is-plain-obj": {
      "version": "1.1.0",
      "resolved": "http://registry.npm.taobao.org/is-plain-obj/download/is-plain-obj-1.1.0.tgz",
      "integrity": "sha1-caUMhCnfync8kqOQpKA7OfzVHT4="
    },
    "is-whitespace-character": {
      "version": "1.0.2",
      "resolved": "http://registry.npm.taobao.org/is-whitespace-character/download/is-whitespace-character-1.0.2.tgz",
      "integrity": "sha1-7eU7TG9vs4dFM3UeySgNAZKNA+0="
    },
    "is-word-character": {
      "version": "1.0.2",
      "resolved": "http://registry.npm.taobao.org/is-word-character/download/is-word-character-1.0.2.tgz",
      "integrity": "sha1-RqXaw/KhhAiYuR5XbNQNST865VM="
    },
    "longest-streak": {
      "version": "2.0.2",
      "resolved": "http://registry.npm.taobao.org/longest-streak/download/longest-streak-2.0.2.tgz",
      "integrity": "sha1-JCG2upOaRDu5/+v1llhaULTDji4="
    },
    "markdown-escapes": {
      "version": "1.0.2",
      "resolved": "http://registry.npm.taobao.org/markdown-escapes/download/markdown-escapes-1.0.2.tgz",
      "integrity": "sha1-5jnL3nuZyEHAusyKB5goc7RtISI="
    },
    "markdown-table": {
      "version": "1.1.2",
      "resolved": "http://registry.npm.taobao.org/markdown-table/download/markdown-table-1.1.2.tgz",
      "integrity": "sha1-x425SPqHmQOkG85SLjuW+AHGN4Y="
    },
    "marked": {
      "version": "0.6.1",
      "resolved": "http://registry.npm.taobao.org/marked/download/marked-0.6.1.tgz",
      "integrity": "sha1-pjrd3kd7ypYTAo3ksrw2KeU6BWI="
    },
    "mdast-util-compact": {
      "version": "1.0.2",
      "resolved": "http://registry.npm.taobao.org/mdast-util-compact/download/mdast-util-compact-1.0.2.tgz",
      "integrity": "sha1-wS6+Fv/8hFc9Phl2dybeIm6V9kk=",
      "requires": {
        "unist-util-visit": "^1.1.0"
      }
    },
    "mdast-util-definitions": {
      "version": "4.0.0",
      "resolved": "https://registry.npmjs.org/mdast-util-definitions/-/mdast-util-definitions-4.0.0.tgz",
      "integrity": "sha512-k8AJ6aNnUkB7IE+5azR9h81O5EQ/cTDXtWdMq9Kk5KcEW/8ritU5CeLg/9HhOC++nALHBlaogJ5jz0Ybk3kPMQ==",
      "requires": {
        "unist-util-visit": "^2.0.0"
      },
      "dependencies": {
        "unist-util-is": {
          "version": "4.1.0",
          "resolved": "https://registry.npmjs.org/unist-util-is/-/unist-util-is-4.1.0.tgz",
          "integrity": "sha512-ZOQSsnce92GrxSqlnEEseX0gi7GH9zTJZ0p9dtu87WRb/37mMPO2Ilx1s/t9vBHrFhbgweUwb+t7cIn5dxPhZg=="
        },
        "unist-util-visit": {
          "version": "2.0.3",
          "resolved": "https://registry.npmjs.org/unist-util-visit/-/unist-util-visit-2.0.3.tgz",
          "integrity": "sha512-iJ4/RczbJMkD0712mGktuGpm/U4By4FfDonL7N/9tATGIF4imikjOuagyMY53tnZq3NP6BcmlrHhEKAfGWjh7Q==",
          "requires": {
            "@types/unist": "^2.0.0",
            "unist-util-is": "^4.0.0",
            "unist-util-visit-parents": "^3.0.0"
          }
        },
        "unist-util-visit-parents": {
          "version": "3.1.1",
          "resolved": "https://registry.npmjs.org/unist-util-visit-parents/-/unist-util-visit-parents-3.1.1.tgz",
          "integrity": "sha512-1KROIZWo6bcMrZEwiH2UrXDyalAa0uqzWCxCJj6lPOvTve2WkfgCytoDTPaMnodXh1WrXOq0haVYHj99ynJlsg==",
          "requires": {
            "@types/unist": "^2.0.0",
            "unist-util-is": "^4.0.0"
          }
        }
      }
    },
    "mdast-util-to-hast": {
      "version": "10.2.0",
      "resolved": "https://registry.npmjs.org/mdast-util-to-hast/-/mdast-util-to-hast-10.2.0.tgz",
      "integrity": "sha512-JoPBfJ3gBnHZ18icCwHR50orC9kNH81tiR1gs01D8Q5YpV6adHNO9nKNuFBCJQ941/32PT1a63UF/DitmS3amQ==",
      "requires": {
        "@types/mdast": "^3.0.0",
        "@types/unist": "^2.0.0",
        "mdast-util-definitions": "^4.0.0",
        "mdurl": "^1.0.0",
        "unist-builder": "^2.0.0",
        "unist-util-generated": "^1.0.0",
        "unist-util-position": "^3.0.0",
        "unist-util-visit": "^2.0.0"
      },
      "dependencies": {
        "unist-util-is": {
          "version": "4.1.0",
          "resolved": "https://registry.npmjs.org/unist-util-is/-/unist-util-is-4.1.0.tgz",
          "integrity": "sha512-ZOQSsnce92GrxSqlnEEseX0gi7GH9zTJZ0p9dtu87WRb/37mMPO2Ilx1s/t9vBHrFhbgweUwb+t7cIn5dxPhZg=="
        },
        "unist-util-visit": {
          "version": "2.0.3",
          "resolved": "https://registry.npmjs.org/unist-util-visit/-/unist-util-visit-2.0.3.tgz",
          "integrity": "sha512-iJ4/RczbJMkD0712mGktuGpm/U4By4FfDonL7N/9tATGIF4imikjOuagyMY53tnZq3NP6BcmlrHhEKAfGWjh7Q==",
          "requires": {
            "@types/unist": "^2.0.0",
            "unist-util-is": "^4.0.0",
            "unist-util-visit-parents": "^3.0.0"
          }
        },
        "unist-util-visit-parents": {
          "version": "3.1.1",
          "resolved": "https://registry.npmjs.org/unist-util-visit-parents/-/unist-util-visit-parents-3.1.1.tgz",
          "integrity": "sha512-1KROIZWo6bcMrZEwiH2UrXDyalAa0uqzWCxCJj6lPOvTve2WkfgCytoDTPaMnodXh1WrXOq0haVYHj99ynJlsg==",
          "requires": {
            "@types/unist": "^2.0.0",
            "unist-util-is": "^4.0.0"
          }
        }
      }
    },
    "mdurl": {
      "version": "1.0.1",
      "resolved": "https://registry.npmjs.org/mdurl/-/mdurl-1.0.1.tgz",
      "integrity": "sha1-/oWy7HWlkDfyrf7BAP1sYBdhFS4="
    },
    "once": {
      "version": "1.4.0",
      "resolved": "http://registry.npm.taobao.org/once/download/once-1.4.0.tgz",
      "integrity": "sha1-WDsap3WWHUsROsF9nFC6753Xa9E=",
      "requires": {
        "wrappy": "1"
      }
    },
    "parse-entities": {
      "version": "1.2.1",
      "resolved": "http://registry.npm.taobao.org/parse-entities/download/parse-entities-1.2.1.tgz",
      "integrity": "sha1-LHYc7QZbp9xoFIWAtaIl5JGM3Wk=",
      "requires": {
        "character-entities": "^1.0.0",
        "character-entities-legacy": "^1.0.0",
        "character-reference-invalid": "^1.0.0",
        "is-alphanumerical": "^1.0.0",
        "is-decimal": "^1.0.0",
        "is-hexadecimal": "^1.0.0"
      }
    },
    "property-information": {
      "version": "5.6.0",
      "resolved": "https://registry.npmjs.org/property-information/-/property-information-5.6.0.tgz",
      "integrity": "sha512-YUHSPk+A30YPv+0Qf8i9Mbfe/C0hdPXk1s1jPVToV8pk8BQtpw10ct89Eo7OWkutrwqvT0eicAxlOg3dOAu8JA==",
      "requires": {
        "xtend": "^4.0.0"
      }
    },
    "remark-html": {
      "version": "13.0.2",
      "resolved": "https://registry.npmjs.org/remark-html/-/remark-html-13.0.2.tgz",
      "integrity": "sha512-LhSRQ+3RKdBqB/RGesFWkNNfkGqprDUCwjq54SylfFeNyZby5kqOG8Dn/vYsRoM8htab6EWxFXCY6XIZvMoRiQ==",
      "requires": {
        "hast-util-sanitize": "^3.0.0",
        "hast-util-to-html": "^7.0.0",
        "mdast-util-to-hast": "^10.0.0"
      }
    },
    "remark-parse": {
      "version": "6.0.3",
      "resolved": "http://registry.npm.taobao.org/remark-parse/download/remark-parse-6.0.3.tgz",
      "integrity": "sha1-yZExBSgJ2kghCEE/h7Duf1IYCjo=",
      "requires": {
        "collapse-white-space": "^1.0.2",
        "is-alphabetical": "^1.0.0",
        "is-decimal": "^1.0.0",
        "is-whitespace-character": "^1.0.0",
        "is-word-character": "^1.0.0",
        "markdown-escapes": "^1.0.0",
        "parse-entities": "^1.1.0",
        "repeat-string": "^1.5.4",
        "state-toggle": "^1.0.0",
        "trim": "0.0.1",
        "trim-trailing-lines": "^1.0.0",
        "unherit": "^1.0.4",
        "unist-util-remove-position": "^1.0.0",
        "vfile-location": "^2.0.0",
        "xtend": "^4.0.1"
      }
    },
    "remark-stringify": {
      "version": "6.0.4",
      "resolved": "http://registry.npm.taobao.org/remark-stringify/download/remark-stringify-6.0.4.tgz",
      "integrity": "sha1-FqwinU0VkySQGGY8e93yiq/E4Ig=",
      "requires": {
        "ccount": "^1.0.0",
        "is-alphanumeric": "^1.0.0",
        "is-decimal": "^1.0.0",
        "is-whitespace-character": "^1.0.0",
        "longest-streak": "^2.0.1",
        "markdown-escapes": "^1.0.0",
        "markdown-table": "^1.1.0",
        "mdast-util-compact": "^1.0.0",
        "parse-entities": "^1.0.2",
        "repeat-string": "^1.5.4",
        "state-toggle": "^1.0.0",
        "stringify-entities": "^1.0.1",
        "unherit": "^1.0.4",
        "xtend": "^4.0.1"
      }
    },
    "repeat-string": {
      "version": "1.6.1",
      "resolved": "http://registry.npm.taobao.org/repeat-string/download/repeat-string-1.6.1.tgz",
      "integrity": "sha1-jcrkcOHIirwtYA//Sndihtp15jc="
    },
    "replace-ext": {
      "version": "1.0.0",
      "resolved": "http://registry.npm.taobao.org/replace-ext/download/replace-ext-1.0.0.tgz",
      "integrity": "sha1-3mMSg3P8v3w8z6TeWkgMRaZ5WOs="
    },
    "space-separated-tokens": {
      "version": "1.1.5",
      "resolved": "https://registry.npmjs.org/space-separated-tokens/-/space-separated-tokens-1.1.5.tgz",
      "integrity": "sha512-q/JSVd1Lptzhf5bkYm4ob4iWPjx0KiRe3sRFBNrVqbJkFaBm5vbbowy1mymoPNLRa52+oadOhJ+K49wsSeSjTA=="
    },
    "state-toggle": {
      "version": "1.0.1",
      "resolved": "http://registry.npm.taobao.org/state-toggle/download/state-toggle-1.0.1.tgz",
      "integrity": "sha1-w8sJdPQKag+OkFuWeJ60Gvoc3jo="
    },
    "stringify-entities": {
      "version": "1.3.2",
      "resolved": "http://registry.npm.taobao.org/stringify-entities/download/stringify-entities-1.3.2.tgz",
      "integrity": "sha1-qYQX5Ucf0iez5F09sYYcEcr2aPc=",
      "requires": {
        "character-entities-html4": "^1.0.0",
        "character-entities-legacy": "^1.0.0",
        "is-alphanumerical": "^1.0.0",
        "is-hexadecimal": "^1.0.0"
      }
    },
    "trim": {
      "version": "0.0.1",
      "resolved": "http://registry.npm.taobao.org/trim/download/trim-0.0.1.tgz",
      "integrity": "sha1-WFhUf2spB1fulczMZm+1AITEYN0="
    },
    "trim-trailing-lines": {
      "version": "1.1.1",
      "resolved": "http://registry.npm.taobao.org/trim-trailing-lines/download/trim-trailing-lines-1.1.1.tgz",
      "integrity": "sha1-4OwIEP08PxcwUWtF9JCDyq8ndNk="
    },
    "trough": {
      "version": "1.0.3",
      "resolved": "http://registry.npm.taobao.org/trough/download/trough-1.0.3.tgz",
      "integrity": "sha1-4pvRYUxkWNRIafwoslWreFfvfCQ="
    },
    "unherit": {
      "version": "1.1.1",
      "resolved": "http://registry.npm.taobao.org/unherit/download/unherit-1.1.1.tgz",
      "integrity": "sha1-EydI2j6I6rdn4I+r+7icXp0oYow=",
      "requires": {
        "inherits": "^2.0.1",
        "xtend": "^4.0.1"
      }
    },
    "unified": {
      "version": "7.1.0",
      "resolved": "http://registry.npm.taobao.org/unified/download/unified-7.1.0.tgz",
      "integrity": "sha1-UDLxwe4zZL0J2hLif91KdVPHvhM=",
      "requires": {
        "@types/unist": "^2.0.0",
        "@types/vfile": "^3.0.0",
        "bail": "^1.0.0",
        "extend": "^3.0.0",
        "is-plain-obj": "^1.1.0",
        "trough": "^1.0.0",
        "vfile": "^3.0.0",
        "x-is-string": "^0.1.0"
      },
      "dependencies": {
        "unist-util-stringify-position": {
          "version": "1.1.2",
          "resolved": "http://registry.npm.taobao.org/unist-util-stringify-position/download/unist-util-stringify-position-1.1.2.tgz",
          "integrity": "sha1-Pzf881EnncvKdICrWIm7ioMu4cY="
        },
        "vfile": {
          "version": "3.0.1",
          "resolved": "http://registry.npm.taobao.org/vfile/download/vfile-3.0.1.tgz",
          "integrity": "sha1-RzMdKr4ygkJPSku2rNIKRMQSGAM=",
          "requires": {
            "is-buffer": "^2.0.0",
            "replace-ext": "1.0.0",
            "unist-util-stringify-position": "^1.0.0",
            "vfile-message": "^1.0.0"
          }
        },
        "vfile-message": {
          "version": "1.1.1",
          "resolved": "http://registry.npm.taobao.org/vfile-message/download/vfile-message-1.1.1.tgz",
          "integrity": "sha1-WDOuB4od+i2W6WR4hs0ymTqzE+E=",
          "requires": {
            "unist-util-stringify-position": "^1.1.1"
          }
        }
      }
    },
    "unified-stream": {
      "version": "1.0.4",
      "resolved": "http://registry.npm.taobao.org/unified-stream/download/unified-stream-1.0.4.tgz",
      "integrity": "sha1-8L7/4ajX8/l3LlSYKOWmvXR0urM=",
      "requires": {
        "once": "^1.4.0"
      }
    },
    "unist-builder": {
      "version": "2.0.3",
      "resolved": "https://registry.npmjs.org/unist-builder/-/unist-builder-2.0.3.tgz",
      "integrity": "sha512-f98yt5pnlMWlzP539tPc4grGMsFaQQlP/vM396b00jngsiINumNmsY8rkXjfoi1c6QaM8nQ3vaGDuoKWbe/1Uw=="
    },
    "unist-util-generated": {
      "version": "1.1.6",
      "resolved": "https://registry.npmjs.org/unist-util-generated/-/unist-util-generated-1.1.6.tgz",
      "integrity": "sha512-cln2Mm1/CZzN5ttGK7vkoGw+RZ8VcUH6BtGbq98DDtRGquAAOXig1mrBQYelOwMXYS8rK+vZDyyojSjp7JX+Lg=="
    },
    "unist-util-is": {
      "version": "2.1.2",
      "resolved": "http://registry.npm.taobao.org/unist-util-is/download/unist-util-is-2.1.2.tgz",
      "integrity": "sha1-EZP6jyv7u4IVBjPzqNLrmhwdVds="
    },
    "unist-util-position": {
      "version": "3.1.0",
      "resolved": "https://registry.npmjs.org/unist-util-position/-/unist-util-position-3.1.0.tgz",
      "integrity": "sha512-w+PkwCbYSFw8vpgWD0v7zRCl1FpY3fjDSQ3/N/wNd9Ffa4gPi8+4keqt99N3XW6F99t/mUzp2xAhNmfKWp95QA=="
    },
    "unist-util-remove-position": {
      "version": "1.1.2",
      "resolved": "http://registry.npm.taobao.org/unist-util-remove-position/download/unist-util-remove-position-1.1.2.tgz",
      "integrity": "sha1-hrXa0QTQu/vrHbX1yS81cFdcEss=",
      "requires": {
        "unist-util-visit": "^1.1.0"
      }
    },
    "unist-util-stringify-position": {
      "version": "2.0.0",
      "resolved": "http://registry.npm.taobao.org/unist-util-stringify-position/download/unist-util-stringify-position-2.0.0.tgz",
      "integrity": "sha1-TEUsDby8UJ97zTZumor9ZG+dUa4=",
      "requires": {
        "@types/unist": "^2.0.2"
      }
    },
    "unist-util-visit": {
      "version": "1.4.0",
      "resolved": "http://registry.npm.taobao.org/unist-util-visit/download/unist-util-visit-1.4.0.tgz",
      "integrity": "sha1-HLdjZHGG3Cb14d9dtr0eSLPML7E=",
      "requires": {
        "unist-util-visit-parents": "^2.0.0"
      }
    },
    "unist-util-visit-parents": {
      "version": "2.0.1",
      "resolved": "http://registry.npm.taobao.org/unist-util-visit-parents/download/unist-util-visit-parents-2.0.1.tgz",
      "integrity": "sha1-Y//8iSkCe+4Ev+99LM5HT3HLYhc=",
      "requires": {
        "unist-util-is": "^2.1.2"
      }
    },
    "vfile": {
      "version": "4.0.0",
      "resolved": "http://registry.npm.taobao.org/vfile/download/vfile-4.0.0.tgz",
      "integrity": "sha1-6/O0ivn83lJNXgjV91gSBYpfeK0=",
      "requires": {
        "@types/unist": "^2.0.2",
        "is-buffer": "^2.0.0",
        "replace-ext": "1.0.0",
        "unist-util-stringify-position": "^2.0.0",
        "vfile-message": "^2.0.0"
      }
    },
    "vfile-location": {
      "version": "2.0.4",
      "resolved": "http://registry.npm.taobao.org/vfile-location/download/vfile-location-2.0.4.tgz",
      "integrity": "sha1-Kl5yl90Nni2kOBRk0ErMa4NNPlU="
    },
    "vfile-message": {
      "version": "2.0.0",
      "resolved": "http://registry.npm.taobao.org/vfile-message/download/vfile-message-2.0.0.tgz",
      "integrity": "sha1-dQu7hv5UWYimfombMpu8q7c+3vY=",
      "requires": {
        "@types/unist": "^2.0.2",
        "unist-util-stringify-position": "^1.1.1"
      },
      "dependencies": {
        "unist-util-stringify-position": {
          "version": "1.1.2",
          "resolved": "http://registry.npm.taobao.org/unist-util-stringify-position/download/unist-util-stringify-position-1.1.2.tgz",
          "integrity": "sha1-Pzf881EnncvKdICrWIm7ioMu4cY="
        }
      }
    },
    "wrappy": {
      "version": "1.0.2",
      "resolved": "http://registry.npm.taobao.org/wrappy/download/wrappy-1.0.2.tgz",
      "integrity": "sha1-tSQ9jz7BqjXxNkYFvA0QNuMKtp8="
    },
    "x-is-string": {
      "version": "0.1.0",
      "resolved": "http://registry.npm.taobao.org/x-is-string/download/x-is-string-0.1.0.tgz",
      "integrity": "sha1-R0tQhlrzpJqcRlfwWs0UVFj3fYI="
    },
    "xtend": {
      "version": "4.0.1",
      "resolved": "http://registry.npm.taobao.org/xtend/download/xtend-4.0.1.tgz",
      "integrity": "sha1-pcbVMr5lbiPbgg77lDofBJmNY68="
    }
  }
}
