{
  "name": "markdown_parser",
  "version": "1.0.0",
  "lockfileVersion": 1,
  "requires": true,
  "dependencies": {
    "@types/node": {
      "version": "11.13.0",
      "resolved": "http://registry.npm.taobao.org/@types/node/download/@types/node-11.13.0.tgz?cache=0&other_urls=http%3A%2F%2Fregistry.npm.taobao.org%2F%40types%2Fnode%2Fdownload%2F%40types%2Fnode-11.13.0.tgz",
      "integrity": "sha1-sN+Nbvm1ABsr46lNkJzjwpqA+eE="
    },
    "@types/unist": {
      "version": "2.0.3",
      "resolved": "http://registry.npm.taobao.org/@types/unist/download/@types/unist-2.0.3.tgz",
      "integrity": "sha1-nAiGeYdvN061mD8VDUeHqm+zLX4="
    },
    "@types/vfile": {
      "version": "3.0.2",
      "resolved": "http://registry.npm.taobao.org/@types/vfile/download/@types/vfile-3.0.2.tgz",
      "integrity": "sha1-GcGM0jLfEc5vpq2AJZvIbDZrCbk=",
      "requires": {
        "@types/node": "*",
        "@types/unist": "*",
        "@types/vfile-message": "*"
      }
    },
    "@types/vfile-message": {
      "version": "1.0.1",
      "resolved": "http://registry.npm.taobao.org/@types/vfile-message/download/@types/vfile-message-1.0.1.tgz",
      "integrity": "sha1-4emJXMazbEYtQkTmTm0Lbq9lNVo=",
      "requires": {
        "@types/node": "*",
        "@types/unist": "*"
      }
    },
    "bail": {
      "version": "1.0.3",
      "resolved": "http://registry.npm.taobao.org/bail/download/bail-1.0.3.tgz",
      "integrity": "sha1-Y8+53brIKbAqMSjNUyJL545sIaM="
    },
    "ccount": {
      "version": "1.0.3",
      "resolved": "http://registry.npm.taobao.org/ccount/download/ccount-1.0.3.tgz",
      "integrity": "sha1-8c7EPzMuLqWlaf1G+fW95OYQKv8="
    },
    "character-entities": {
      "version": "1.2.2",
      "resolved": "http://registry.npm.taobao.org/character-entities/download/character-entities-1.2.2.tgz",
      "integrity": "sha1-WMjzccB3TvC6myrKXwDY8QDm42M="
    },
    "character-entities-html4": {
      "version": "1.1.2",
      "resolved": "http://registry.npm.taobao.org/character-entities-html4/download/character-entities-html4-1.1.2.tgz",
      "integrity": "sha1-xE/d485mtS6NMh1sG/RhAfAVBhA="
    },
    "character-entities-legacy": {
      "version": "1.1.2",
      "resolved": "http://registry.npm.taobao.org/character-entities-legacy/download/character-entities-legacy-1.1.2.tgz",
      "integrity": "sha1-fG3vuBZISYIiyYVTCZU9BfTWOpw="
    },
    "character-reference-invalid": {
      "version": "1.1.2",
      "resolved": "http://registry.npm.taobao.org/character-reference-invalid/download/character-reference-invalid-1.1.2.tgz",
      "integrity": "sha1-IeQhrT2EBVlS2rSkOgTnPNQl0+0="
    },
    "collapse-white-space": {
      "version": "1.0.4",
      "resolved": "http://registry.npm.taobao.org/collapse-white-space/download/collapse-white-space-1.0.4.tgz",
      "integrity": "sha1-zgXPSeVMMneuVzA2omhRukMKAJE="
    },
    "comma-separated-tokens": {
      "version": "1.0.5",
      "resolved": "http://registry.npm.taobao.org/comma-separated-tokens/download/comma-separated-tokens-1.0.5.tgz",
      "integrity": "sha1-sTeTEx2eotJDHPW1B93sJY8M4Ns=",
      "requires": {
        "trim": "0.0.1"
      }
    },
    "detab": {
      "version": "2.0.1",
      "resolved": "http://registry.npm.taobao.org/detab/download/detab-2.0.1.tgz",
      "integrity": "sha1-Ux9eMmYg4v1PAyZKkF+zvMivTfQ=",
      "requires": {
        "repeat-string": "^1.5.4"
      }
    },
    "extend": {
      "version": "3.0.2",
      "resolved": "http://registry.npm.taobao.org/extend/download/extend-3.0.2.tgz",
      "integrity": "sha1-+LETa0Bx+9jrFAr/hYsQGewpFfo="
    },
    "hast-util-is-element": {
      "version": "1.0.2",
      "resolved": "http://registry.npm.taobao.org/hast-util-is-element/download/hast-util-is-element-1.0.2.tgz",
      "integrity": "sha1-wjyUKLalpOMjv54W+HQXR2MUmBs="
    },
    "hast-util-sanitize": {
      "version": "1.3.0",
      "resolved": "http://registry.npm.taobao.org/hast-util-sanitize/download/hast-util-sanitize-1.3.0.tgz",
      "integrity": "sha1-MYncO4fXWpwuhhhDMWe0rSe0+sw=",
      "requires": {
        "xtend": "^4.0.1"
      }
    },
    "hast-util-to-html": {
      "version": "5.0.0",
      "resolved": "http://registry.npm.taobao.org/hast-util-to-html/download/hast-util-to-html-5.0.0.tgz",
      "integrity": "sha1-i1yXEK2waJ42A/VS8xBN4lB6yjU=",
      "requires": {
        "ccount": "^1.0.0",
        "comma-separated-tokens": "^1.0.1",
        "hast-util-is-element": "^1.0.0",
        "hast-util-whitespace": "^1.0.0",
        "html-void-elements": "^1.0.0",
        "property-information": "^5.0.0",
        "space-separated-tokens": "^1.0.0",
        "stringify-entities": "^1.0.1",
        "unist-util-is": "^2.0.0",
        "xtend": "^4.0.1"
      }
    },
    "hast-util-whitespace": {
      "version": "1.0.2",
      "resolved": "http://registry.npm.taobao.org/hast-util-whitespace/download/hast-util-whitespace-1.0.2.tgz",
      "integrity": "sha1-yXFTo/vJCRoU/YI4MKR3JOeh2pk="
    },
    "html-void-elements": {
      "version": "1.0.3",
      "resolved": "http://registry.npm.taobao.org/html-void-elements/download/html-void-elements-1.0.3.tgz",
      "integrity": "sha1-lWcH2+zRDPZYySxdJ/7nY6pqqYI="
    },
    "inherits": {
      "version": "2.0.3",
      "resolved": "http://registry.npm.taobao.org/inherits/download/inherits-2.0.3.tgz",
      "integrity": "sha1-Yzwsg+PaQqUC9SRmAiSA9CCCYd4="
    },
    "is-alphabetical": {
      "version": "1.0.2",
      "resolved": "http://registry.npm.taobao.org/is-alphabetical/download/is-alphabetical-1.0.2.tgz",
      "integrity": "sha1-H6bkkhPLeIW3XRWGL7Pz2WyIT0E="
    },
    "is-alphanumeric": {
      "version": "1.0.0",
      "resolved": "http://registry.npm.taobao.org/is-alphanumeric/download/is-alphanumeric-1.0.0.tgz",
      "integrity": "sha1-Spzvcdr0wAHB2B1j0UDPU/1oifQ="
    },
    "is-alphanumerical": {
      "version": "1.0.2",
      "resolved": "http://registry.npm.taobao.org/is-alphanumerical/download/is-alphanumerical-1.0.2.tgz",
      "integrity": "sha1-ETjprlBAFY3G/3a4IKzWt6GB/UA=",
      "requires": {
        "is-alphabetical": "^1.0.0",
        "is-decimal": "^1.0.0"
      }
    },
    "is-buffer": {
      "version": "2.0.3",
      "resolved": "http://registry.npm.taobao.org/is-buffer/download/is-buffer-2.0.3.tgz",
      "integrity": "sha1-Ts8/z3ScvR5HJonhCaxmJhol5yU="
    },
    "is-decimal": {
      "version": "1.0.2",
      "resolved": "http://registry.npm.taobao.org/is-decimal/download/is-decimal-1.0.2.tgz",
      "integrity": "sha1-iUZi1qhwnTB/OidspDOcj6Xf8P8="
    },
    "is-hexadecimal": {
      "version": "1.0.2",
      "resolved": "http://registry.npm.taobao.org/is-hexadecimal/download/is-hexadecimal-1.0.2.tgz",
      "integrity": "sha1-tucQ19B7tmuYy4zs5cm0kh3uuDU="
    },
    "is-plain-obj": {
      "version": "1.1.0",
      "resolved": "http://registry.npm.taobao.org/is-plain-obj/download/is-plain-obj-1.1.0.tgz",
      "integrity": "sha1-caUMhCnfync8kqOQpKA7OfzVHT4="
    },
    "is-whitespace-character": {
      "version": "1.0.2",
      "resolved": "http://registry.npm.taobao.org/is-whitespace-character/download/is-whitespace-character-1.0.2.tgz",
      "integrity": "sha1-7eU7TG9vs4dFM3UeySgNAZKNA+0="
    },
    "is-word-character": {
      "version": "1.0.2",
      "resolved": "http://registry.npm.taobao.org/is-word-character/download/is-word-character-1.0.2.tgz",
      "integrity": "sha1-RqXaw/KhhAiYuR5XbNQNST865VM="
    },
    "longest-streak": {
      "version": "2.0.2",
      "resolved": "http://registry.npm.taobao.org/longest-streak/download/longest-streak-2.0.2.tgz",
      "integrity": "sha1-JCG2upOaRDu5/+v1llhaULTDji4="
    },
    "markdown-escapes": {
      "version": "1.0.2",
      "resolved": "http://registry.npm.taobao.org/markdown-escapes/download/markdown-escapes-1.0.2.tgz",
      "integrity": "sha1-5jnL3nuZyEHAusyKB5goc7RtISI="
    },
    "markdown-table": {
      "version": "1.1.2",
      "resolved": "http://registry.npm.taobao.org/markdown-table/download/markdown-table-1.1.2.tgz",
      "integrity": "sha1-x425SPqHmQOkG85SLjuW+AHGN4Y="
    },
    "marked": {
      "version": "0.7.0",
      "resolved": "https://registry.npmjs.org/marked/-/marked-0.7.0.tgz",
      "integrity": "sha512-c+yYdCZJQrsRjTPhUx7VKkApw9bwDkNbHUKo1ovgcfDjb2kc8rLuRbIFyXL5WOEUwzSSKo3IXpph2K6DqB/KZg=="
    },
    "mdast-util-compact": {
      "version": "1.0.2",
      "resolved": "http://registry.npm.taobao.org/mdast-util-compact/download/mdast-util-compact-1.0.2.tgz",
      "integrity": "sha1-wS6+Fv/8hFc9Phl2dybeIm6V9kk=",
      "requires": {
        "unist-util-visit": "^1.1.0"
      }
    },
    "mdast-util-definitions": {
      "version": "1.2.3",
      "resolved": "http://registry.npm.taobao.org/mdast-util-definitions/download/mdast-util-definitions-1.2.3.tgz",
      "integrity": "sha1-Sfk2sJIHxFtDjbGVUWUpNDEvBPA=",
      "requires": {
        "unist-util-visit": "^1.0.0"
      }
    },
    "mdast-util-to-hast": {
      "version": "4.0.0",
      "resolved": "http://registry.npm.taobao.org/mdast-util-to-hast/download/mdast-util-to-hast-4.0.0.tgz",
      "integrity": "sha1-2EZ84o6nO0ZIZnvDiao536n2fxg=",
      "requires": {
        "collapse-white-space": "^1.0.0",
        "detab": "^2.0.0",
        "mdast-util-definitions": "^1.2.0",
        "mdurl": "^1.0.1",
        "trim": "0.0.1",
        "trim-lines": "^1.0.0",
        "unist-builder": "^1.0.1",
        "unist-util-generated": "^1.1.0",
        "unist-util-position": "^3.0.0",
        "unist-util-visit": "^1.1.0",
        "xtend": "^4.0.1"
      }
    },
    "mdurl": {
      "version": "1.0.1",
      "resolved": "http://registry.npm.taobao.org/mdurl/download/mdurl-1.0.1.tgz",
      "integrity": "sha1-/oWy7HWlkDfyrf7BAP1sYBdhFS4="
    },
    "object-assign": {
      "version": "4.1.1",
      "resolved": "http://registry.npm.taobao.org/object-assign/download/object-assign-4.1.1.tgz",
      "integrity": "sha1-IQmtx5ZYh8/AXLvUQsrIv7s2CGM="
    },
    "once": {
      "version": "1.4.0",
      "resolved": "http://registry.npm.taobao.org/once/download/once-1.4.0.tgz",
      "integrity": "sha1-WDsap3WWHUsROsF9nFC6753Xa9E=",
      "requires": {
        "wrappy": "1"
      }
    },
    "parse-entities": {
      "version": "1.2.1",
      "resolved": "http://registry.npm.taobao.org/parse-entities/download/parse-entities-1.2.1.tgz",
      "integrity": "sha1-LHYc7QZbp9xoFIWAtaIl5JGM3Wk=",
      "requires": {
        "character-entities": "^1.0.0",
        "character-entities-legacy": "^1.0.0",
        "character-reference-invalid": "^1.0.0",
        "is-alphanumerical": "^1.0.0",
        "is-decimal": "^1.0.0",
        "is-hexadecimal": "^1.0.0"
      }
    },
    "property-information": {
      "version": "5.0.1",
      "resolved": "http://registry.npm.taobao.org/property-information/download/property-information-5.0.1.tgz",
      "integrity": "sha1-w7CfT1dQsWNMCyQgWtv3jxi9+U8=",
      "requires": {
        "xtend": "^4.0.1"
      }
    },
    "remark-html": {
      "version": "9.0.0",
      "resolved": "http://registry.npm.taobao.org/remark-html/download/remark-html-9.0.0.tgz",
      "integrity": "sha1-Dz75Hg5DP5/8EKqnUmVSMfYHs38=",
      "requires": {
        "hast-util-sanitize": "^1.0.0",
        "hast-util-to-html": "^5.0.0",
        "mdast-util-to-hast": "^4.0.0",
        "xtend": "^4.0.1"
      }
    },
    "remark-parse": {
      "version": "6.0.3",
      "resolved": "http://registry.npm.taobao.org/remark-parse/download/remark-parse-6.0.3.tgz",
      "integrity": "sha1-yZExBSgJ2kghCEE/h7Duf1IYCjo=",
      "requires": {
        "collapse-white-space": "^1.0.2",
        "is-alphabetical": "^1.0.0",
        "is-decimal": "^1.0.0",
        "is-whitespace-character": "^1.0.0",
        "is-word-character": "^1.0.0",
        "markdown-escapes": "^1.0.0",
        "parse-entities": "^1.1.0",
        "repeat-string": "^1.5.4",
        "state-toggle": "^1.0.0",
        "trim": "0.0.1",
        "trim-trailing-lines": "^1.0.0",
        "unherit": "^1.0.4",
        "unist-util-remove-position": "^1.0.0",
        "vfile-location": "^2.0.0",
        "xtend": "^4.0.1"
      }
    },
    "remark-stringify": {
      "version": "6.0.4",
      "resolved": "http://registry.npm.taobao.org/remark-stringify/download/remark-stringify-6.0.4.tgz",
      "integrity": "sha1-FqwinU0VkySQGGY8e93yiq/E4Ig=",
      "requires": {
        "ccount": "^1.0.0",
        "is-alphanumeric": "^1.0.0",
        "is-decimal": "^1.0.0",
        "is-whitespace-character": "^1.0.0",
        "longest-streak": "^2.0.1",
        "markdown-escapes": "^1.0.0",
        "markdown-table": "^1.1.0",
        "mdast-util-compact": "^1.0.0",
        "parse-entities": "^1.0.2",
        "repeat-string": "^1.5.4",
        "state-toggle": "^1.0.0",
        "stringify-entities": "^1.0.1",
        "unherit": "^1.0.4",
        "xtend": "^4.0.1"
      }
    },
    "repeat-string": {
      "version": "1.6.1",
      "resolved": "http://registry.npm.taobao.org/repeat-string/download/repeat-string-1.6.1.tgz",
      "integrity": "sha1-jcrkcOHIirwtYA//Sndihtp15jc="
    },
    "replace-ext": {
      "version": "1.0.0",
      "resolved": "http://registry.npm.taobao.org/replace-ext/download/replace-ext-1.0.0.tgz",
      "integrity": "sha1-3mMSg3P8v3w8z6TeWkgMRaZ5WOs="
    },
    "space-separated-tokens": {
      "version": "1.1.2",
      "resolved": "http://registry.npm.taobao.org/space-separated-tokens/download/space-separated-tokens-1.1.2.tgz",
      "integrity": "sha1-6Vq50ZroQeIAgIzZa8e9Ctu7NBI=",
      "requires": {
        "trim": "0.0.1"
      }
    },
    "state-toggle": {
      "version": "1.0.1",
      "resolved": "http://registry.npm.taobao.org/state-toggle/download/state-toggle-1.0.1.tgz",
      "integrity": "sha1-w8sJdPQKag+OkFuWeJ60Gvoc3jo="
    },
    "stringify-entities": {
      "version": "1.3.2",
      "resolved": "http://registry.npm.taobao.org/stringify-entities/download/stringify-entities-1.3.2.tgz",
      "integrity": "sha1-qYQX5Ucf0iez5F09sYYcEcr2aPc=",
      "requires": {
        "character-entities-html4": "^1.0.0",
        "character-entities-legacy": "^1.0.0",
        "is-alphanumerical": "^1.0.0",
        "is-hexadecimal": "^1.0.0"
      }
    },
    "trim": {
      "version": "0.0.1",
      "resolved": "http://registry.npm.taobao.org/trim/download/trim-0.0.1.tgz",
      "integrity": "sha1-WFhUf2spB1fulczMZm+1AITEYN0="
    },
    "trim-lines": {
      "version": "1.1.1",
      "resolved": "http://registry.npm.taobao.org/trim-lines/download/trim-lines-1.1.1.tgz",
      "integrity": "sha1-2nOP9Y+nSBdYhFXjCxG4Uonyo5Y="
    },
    "trim-trailing-lines": {
      "version": "1.1.1",
      "resolved": "http://registry.npm.taobao.org/trim-trailing-lines/download/trim-trailing-lines-1.1.1.tgz",
      "integrity": "sha1-4OwIEP08PxcwUWtF9JCDyq8ndNk="
    },
    "trough": {
      "version": "1.0.3",
      "resolved": "http://registry.npm.taobao.org/trough/download/trough-1.0.3.tgz",
      "integrity": "sha1-4pvRYUxkWNRIafwoslWreFfvfCQ="
    },
    "unherit": {
      "version": "1.1.1",
      "resolved": "http://registry.npm.taobao.org/unherit/download/unherit-1.1.1.tgz",
      "integrity": "sha1-EydI2j6I6rdn4I+r+7icXp0oYow=",
      "requires": {
        "inherits": "^2.0.1",
        "xtend": "^4.0.1"
      }
    },
    "unified": {
      "version": "7.1.0",
      "resolved": "http://registry.npm.taobao.org/unified/download/unified-7.1.0.tgz",
      "integrity": "sha1-UDLxwe4zZL0J2hLif91KdVPHvhM=",
      "requires": {
        "@types/unist": "^2.0.0",
        "@types/vfile": "^3.0.0",
        "bail": "^1.0.0",
        "extend": "^3.0.0",
        "is-plain-obj": "^1.1.0",
        "trough": "^1.0.0",
        "vfile": "^3.0.0",
        "x-is-string": "^0.1.0"
      },
      "dependencies": {
        "unist-util-stringify-position": {
          "version": "1.1.2",
          "resolved": "http://registry.npm.taobao.org/unist-util-stringify-position/download/unist-util-stringify-position-1.1.2.tgz",
          "integrity": "sha1-Pzf881EnncvKdICrWIm7ioMu4cY="
        },
        "vfile": {
          "version": "3.0.1",
          "resolved": "http://registry.npm.taobao.org/vfile/download/vfile-3.0.1.tgz",
          "integrity": "sha1-RzMdKr4ygkJPSku2rNIKRMQSGAM=",
          "requires": {
            "is-buffer": "^2.0.0",
            "replace-ext": "1.0.0",
            "unist-util-stringify-position": "^1.0.0",
            "vfile-message": "^1.0.0"
          }
        },
        "vfile-message": {
          "version": "1.1.1",
          "resolved": "http://registry.npm.taobao.org/vfile-message/download/vfile-message-1.1.1.tgz",
          "integrity": "sha1-WDOuB4od+i2W6WR4hs0ymTqzE+E=",
          "requires": {
            "unist-util-stringify-position": "^1.1.1"
          }
        }
      }
    },
    "unified-stream": {
      "version": "1.0.4",
      "resolved": "http://registry.npm.taobao.org/unified-stream/download/unified-stream-1.0.4.tgz",
      "integrity": "sha1-8L7/4ajX8/l3LlSYKOWmvXR0urM=",
      "requires": {
        "once": "^1.4.0"
      }
    },
    "unist-builder": {
      "version": "1.0.3",
      "resolved": "http://registry.npm.taobao.org/unist-builder/download/unist-builder-1.0.3.tgz",
      "integrity": "sha1-qw+dDxCTa3Tz6RNSGVWwR44P8DY=",
      "requires": {
        "object-assign": "^4.1.0"
      }
    },
    "unist-util-generated": {
      "version": "1.1.3",
      "resolved": "http://registry.npm.taobao.org/unist-util-generated/download/unist-util-generated-1.1.3.tgz",
      "integrity": "sha1-ymUEcK7y+8xf5UxGW8JrQcoQnis="
    },
    "unist-util-is": {
      "version": "2.1.2",
      "resolved": "http://registry.npm.taobao.org/unist-util-is/download/unist-util-is-2.1.2.tgz",
      "integrity": "sha1-EZP6jyv7u4IVBjPzqNLrmhwdVds="
    },
    "unist-util-position": {
      "version": "3.0.2",
      "resolved": "http://registry.npm.taobao.org/unist-util-position/download/unist-util-position-3.0.2.tgz",
      "integrity": "sha1-gK1KBe/EqwGmaIbMcEk4k7pzxes="
    },
    "unist-util-remove-position": {
      "version": "1.1.2",
      "resolved": "http://registry.npm.taobao.org/unist-util-remove-position/download/unist-util-remove-position-1.1.2.tgz",
      "integrity": "sha1-hrXa0QTQu/vrHbX1yS81cFdcEss=",
      "requires": {
        "unist-util-visit": "^1.1.0"
      }
    },
    "unist-util-stringify-position": {
      "version": "2.0.0",
      "resolved": "http://registry.npm.taobao.org/unist-util-stringify-position/download/unist-util-stringify-position-2.0.0.tgz",
      "integrity": "sha1-TEUsDby8UJ97zTZumor9ZG+dUa4=",
      "requires": {
        "@types/unist": "^2.0.2"
      }
    },
    "unist-util-visit": {
      "version": "1.4.0",
      "resolved": "http://registry.npm.taobao.org/unist-util-visit/download/unist-util-visit-1.4.0.tgz",
      "integrity": "sha1-HLdjZHGG3Cb14d9dtr0eSLPML7E=",
      "requires": {
        "unist-util-visit-parents": "^2.0.0"
      }
    },
    "unist-util-visit-parents": {
      "version": "2.0.1",
      "resolved": "http://registry.npm.taobao.org/unist-util-visit-parents/download/unist-util-visit-parents-2.0.1.tgz",
      "integrity": "sha1-Y//8iSkCe+4Ev+99LM5HT3HLYhc=",
      "requires": {
        "unist-util-is": "^2.1.2"
      }
    },
    "vfile": {
      "version": "4.0.0",
      "resolved": "http://registry.npm.taobao.org/vfile/download/vfile-4.0.0.tgz",
      "integrity": "sha1-6/O0ivn83lJNXgjV91gSBYpfeK0=",
      "requires": {
        "@types/unist": "^2.0.2",
        "is-buffer": "^2.0.0",
        "replace-ext": "1.0.0",
        "unist-util-stringify-position": "^2.0.0",
        "vfile-message": "^2.0.0"
      }
    },
    "vfile-location": {
      "version": "2.0.4",
      "resolved": "http://registry.npm.taobao.org/vfile-location/download/vfile-location-2.0.4.tgz",
      "integrity": "sha1-Kl5yl90Nni2kOBRk0ErMa4NNPlU="
    },
    "vfile-message": {
      "version": "2.0.0",
      "resolved": "http://registry.npm.taobao.org/vfile-message/download/vfile-message-2.0.0.tgz",
      "integrity": "sha1-dQu7hv5UWYimfombMpu8q7c+3vY=",
      "requires": {
        "@types/unist": "^2.0.2",
        "unist-util-stringify-position": "^1.1.1"
      },
      "dependencies": {
        "unist-util-stringify-position": {
          "version": "1.1.2",
          "resolved": "http://registry.npm.taobao.org/unist-util-stringify-position/download/unist-util-stringify-position-1.1.2.tgz",
          "integrity": "sha1-Pzf881EnncvKdICrWIm7ioMu4cY="
        }
      }
    },
    "wrappy": {
      "version": "1.0.2",
      "resolved": "http://registry.npm.taobao.org/wrappy/download/wrappy-1.0.2.tgz",
      "integrity": "sha1-tSQ9jz7BqjXxNkYFvA0QNuMKtp8="
    },
    "x-is-string": {
      "version": "0.1.0",
      "resolved": "http://registry.npm.taobao.org/x-is-string/download/x-is-string-0.1.0.tgz",
      "integrity": "sha1-R0tQhlrzpJqcRlfwWs0UVFj3fYI="
    },
    "xtend": {
      "version": "4.0.1",
      "resolved": "http://registry.npm.taobao.org/xtend/download/xtend-4.0.1.tgz",
      "integrity": "sha1-pcbVMr5lbiPbgg77lDofBJmNY68="
    }
  }
}
